
Microsoft Visual Studio Solution File, Format Version 12.00
# Visual Studio Version 17
VisualStudioVersion = 17.14.36221.1
MinimumVisualStudioVersion = 10.0.40219.1
Project("{FAE04EC0-301F-11D3-BF4B-00C04F79EFBC}") = "Assignments_RouteAcademy", "Assignments_RouteAcademy\Assignments_RouteAcademy.csproj", "{10CA6A68-41A8-4D60-817E-8148D3B6597A}"
EndProject
Project("{FAE04EC0-301F-11D3-BF4B-00C04F79EFBC}") = "Common", "Common\Common.csproj", "{84140871-BEC2-4023-8DC2-46326B6F9B19}"
EndProject
Project("{FAE04EC0-301F-11D3-BF4B-00C04F79EFBC}") = "C44-G03-OOP04", "C44-G03-OOP04\C44-G03-OOP04.csproj", "{F497D5A7-0AD1-4255-A995-4EDE2E6CA275}"
EndProject
Project("{FAE04EC0-301F-11D3-BF4B-00C04F79EFBC}") = "C44-G03-OOP05", "C44-G03-OOP05\C44-G03-OOP05.csproj", "{6DCA5309-CD05-491C-A025-179725CFD6AD}"
EndProject
Project("{FAE04EC0-301F-11D3-BF4B-00C04F79EFBC}") = "C44-G03-OOP06", "C44-G03-OOP06\C44-G03-OOP06.csproj", "{5CF76942-34A7-4DED-B394-D98A854EB057}"
EndProject
Project("{FAE04EC0-301F-11D3-BF4B-00C04F79EFBC}") = "C44-G03-ADV01", "C44-G03-ADV01\C44-G03-ADV01.csproj", "{B792231E-BB81-4C26-9078-9395FECEBF01}"
EndProject
Project("{FAE04EC0-301F-11D3-BF4B-00C04F79EFBC}") = "C44-G03-ADV02", "C44-G03-ADV02\C44-G03-ADV02.csproj", "{478CB005-F8B8-436B-8954-2082AAF60975}"
EndProject
Project("{FAE04EC0-301F-11D3-BF4B-00C04F79EFBC}") = "C44-G03-ADV03", "C44-G03-ADV03\C44-G03-ADV03.csproj", "{B77E63D9-A78E-46B5-B3D0-16C17A50FC29}"
EndProject
Project("{FAE04EC0-301F-11D3-BF4B-00C04F79EFBC}") = "C44-G03-Linq01", "C44-G03-Linq01\C44-G03-Linq01.csproj", "{703946C3-97E6-4384-88DD-8DCE8F89C15E}"
EndProject
Project("{FAE04EC0-301F-11D3-BF4B-00C04F79EFBC}") = "C44-G03-Linq02", "C44-G03-Linq02\C44-G03-Linq02.csproj", "{29A4CD85-CFCD-6F0B-B8E8-6A8A4F8C0758}"
EndProject
Global
	GlobalSection(SolutionConfigurationPlatforms) = preSolution
		Debug|Any CPU = Debug|Any CPU
		Release|Any CPU = Release|Any CPU
	EndGlobalSection
	GlobalSection(ProjectConfigurationPlatforms) = postSolution
		{10CA6A68-41A8-4D60-817E-8148D3B6597A}.Debug|Any CPU.ActiveCfg = Debug|Any CPU
		{10CA6A68-41A8-4D60-817E-8148D3B6597A}.Debug|Any CPU.Build.0 = Debug|Any CPU
		{10CA6A68-41A8-4D60-817E-8148D3B6597A}.Release|Any CPU.ActiveCfg = Release|Any CPU
		{10CA6A68-41A8-4D60-817E-8148D3B6597A}.Release|Any CPU.Build.0 = Release|Any CPU
		{84140871-BEC2-4023-8DC2-46326B6F9B19}.Debug|Any CPU.ActiveCfg = Debug|Any CPU
		{84140871-BEC2-4023-8DC2-46326B6F9B19}.Debug|Any CPU.Build.0 = Debug|Any CPU
		{84140871-BEC2-4023-8DC2-46326B6F9B19}.Release|Any CPU.ActiveCfg = Release|Any CPU
		{84140871-BEC2-4023-8DC2-46326B6F9B19}.Release|Any CPU.Build.0 = Release|Any CPU
		{F497D5A7-0AD1-4255-A995-4EDE2E6CA275}.Debug|Any CPU.ActiveCfg = Debug|Any CPU
		{F497D5A7-0AD1-4255-A995-4EDE2E6CA275}.Debug|Any CPU.Build.0 = Debug|Any CPU
		{F497D5A7-0AD1-4255-A995-4EDE2E6CA275}.Release|Any CPU.ActiveCfg = Release|Any CPU
		{F497D5A7-0AD1-4255-A995-4EDE2E6CA275}.Release|Any CPU.Build.0 = Release|Any CPU
		{6DCA5309-CD05-491C-A025-179725CFD6AD}.Debug|Any CPU.ActiveCfg = Debug|Any CPU
		{6DCA5309-CD05-491C-A025-179725CFD6AD}.Debug|Any CPU.Build.0 = Debug|Any CPU
		{6DCA5309-CD05-491C-A025-179725CFD6AD}.Release|Any CPU.ActiveCfg = Release|Any CPU
		{6DCA5309-CD05-491C-A025-179725CFD6AD}.Release|Any CPU.Build.0 = Release|Any CPU
		{5CF76942-34A7-4DED-B394-D98A854EB057}.Debug|Any CPU.ActiveCfg = Debug|Any CPU
		{5CF76942-34A7-4DED-B394-D98A854EB057}.Debug|Any CPU.Build.0 = Debug|Any CPU
		{5CF76942-34A7-4DED-B394-D98A854EB057}.Release|Any CPU.ActiveCfg = Release|Any CPU
		{5CF76942-34A7-4DED-B394-D98A854EB057}.Release|Any CPU.Build.0 = Release|Any CPU
		{B792231E-BB81-4C26-9078-9395FECEBF01}.Debug|Any CPU.ActiveCfg = Debug|Any CPU
		{B792231E-BB81-4C26-9078-9395FECEBF01}.Debug|Any CPU.Build.0 = Debug|Any CPU
		{B792231E-BB81-4C26-9078-9395FECEBF01}.Release|Any CPU.ActiveCfg = Release|Any CPU
		{B792231E-BB81-4C26-9078-9395FECEBF01}.Release|Any CPU.Build.0 = Release|Any CPU
		{478CB005-F8B8-436B-8954-2082AAF60975}.Debug|Any CPU.ActiveCfg = Debug|Any CPU
		{478CB005-F8B8-436B-8954-2082AAF60975}.Debug|Any CPU.Build.0 = Debug|Any CPU
		{478CB005-F8B8-436B-8954-2082AAF60975}.Release|Any CPU.ActiveCfg = Release|Any CPU
		{478CB005-F8B8-436B-8954-2082AAF60975}.Release|Any CPU.Build.0 = Release|Any CPU
		{B77E63D9-A78E-46B5-B3D0-16C17A50FC29}.Debug|Any CPU.ActiveCfg = Debug|Any CPU
		{B77E63D9-A78E-46B5-B3D0-16C17A50FC29}.Debug|Any CPU.Build.0 = Debug|Any CPU
		{B77E63D9-A78E-46B5-B3D0-16C17A50FC29}.Release|Any CPU.ActiveCfg = Release|Any CPU
		{B77E63D9-A78E-46B5-B3D0-16C17A50FC29}.Release|Any CPU.Build.0 = Release|Any CPU
		{703946C3-97E6-4384-88DD-8DCE8F89C15E}.Debug|Any CPU.ActiveCfg = Debug|Any CPU
		{703946C3-97E6-4384-88DD-8DCE8F89C15E}.Debug|Any CPU.Build.0 = Debug|Any CPU
		{703946C3-97E6-4384-88DD-8DCE8F89C15E}.Release|Any CPU.ActiveCfg = Release|Any CPU
		{703946C3-97E6-4384-88DD-8DCE8F89C15E}.Release|Any CPU.Build.0 = Release|Any CPU
		{29A4CD85-CFCD-6F0B-B8E8-6A8A4F8C0758}.Debug|Any CPU.ActiveCfg = Debug|Any CPU
		{29A4CD85-CFCD-6F0B-B8E8-6A8A4F8C0758}.Debug|Any CPU.Build.0 = Debug|Any CPU
		{29A4CD85-CFCD-6F0B-B8E8-6A8A4F8C0758}.Release|Any CPU.ActiveCfg = Release|Any CPU
		{29A4CD85-CFCD-6F0B-B8E8-6A8A4F8C0758}.Release|Any CPU.Build.0 = Release|Any CPU
	EndGlobalSection
	GlobalSection(SolutionProperties) = preSolution
		HideSolutionNode = FALSE
	EndGlobalSection
	GlobalSection(ExtensibilityGlobals) = postSolution
		SolutionGuid = {ECFA7117-AA45-4450-B926-CCC0E414E88F}
	EndGlobalSection
EndGlobal
